
Microsoft Visual Studio Solution File, Format Version 12.00
# Visual Studio Version 16
VisualStudioVersion = 16.0.30225.117
MinimumVisualStudioVersion = 10.0.40219.1
Project("{FAE04EC0-301F-11D3-BF4B-00C04F79EFBC}") = "TestTask1_1", "TestTask1_1\TestTask1_1.csproj", "{D550726E-B887-48FD-B4DF-D61B6E35C749}"
EndProject
Global
	GlobalSection(SolutionConfigurationPlatforms) = preSolution
		Debug|Any CPU = Debug|Any CPU
		Release|Any CPU = Release|Any CPU
	EndGlobalSection
	GlobalSection(ProjectConfigurationPlatforms) = postSolution
		{D550726E-B887-48FD-B4DF-D61B6E35C749}.Debug|Any CPU.ActiveCfg = Debug|Any CPU
		{D550726E-B887-48FD-B4DF-D61B6E35C749}.Debug|Any CPU.Build.0 = Debug|Any CPU
		{D550726E-B887-48FD-B4DF-D61B6E35C749}.Release|Any CPU.ActiveCfg = Release|Any CPU
		{D550726E-B887-48FD-B4DF-D61B6E35C749}.Release|Any CPU.Build.0 = Release|Any CPU
	EndGlobalSection
	GlobalSection(SolutionProperties) = preSolution
		HideSolutionNode = FALSE
	EndGlobalSection
	GlobalSection(ExtensibilityGlobals) = postSolution
		SolutionGuid = {0F01F31C-96B5-4F36-9991-809902D1ED55}
	EndGlobalSection
EndGlobal
